
Microsoft Visual Studio Solution File, Format Version 12.00
# Visual Studio Version 16
VisualStudioVersion = 16.0.810.10
MinimumVisualStudioVersion = 10.0.40219.1
Project("{FAE04EC0-301F-11D3-BF4B-00C04F79EFBC}") = "CrudDemo.Web", "CrudDemo.Web\CrudDemo.Web.csproj", "{7CAD52E1-C303-4D55-BBDD-6686277027FF}"
EndProject
Project("{FAE04EC0-301F-11D3-BF4B-00C04F79EFBC}") = "CrudDemo.Data", "CrudDemo.Data\CrudDemo.Data.csproj", "{0BC51047-4F7A-4148-B75D-B6CB8D87B82E}"
EndProject
Project("{FAE04EC0-301F-11D3-BF4B-00C04F79EFBC}") = "CrudDemo.App", "CrudDemo.AppService\CrudDemo.App.csproj", "{681DFAC3-6275-4FDC-B1B2-AA9CF2B95407}"
EndProject
Project("{FAE04EC0-301F-11D3-BF4B-00C04F79EFBC}") = "Crud.Security", "Crud.Security\Crud.Security.csproj", "{021F2B91-EA17-48DE-8602-81092E70C938}"
EndProject
Global
	GlobalSection(SolutionConfigurationPlatforms) = preSolution
		Debug|Any CPU = Debug|Any CPU
		Release|Any CPU = Release|Any CPU
	EndGlobalSection
	GlobalSection(ProjectConfigurationPlatforms) = postSolution
		{7CAD52E1-C303-4D55-BBDD-6686277027FF}.Debug|Any CPU.ActiveCfg = Debug|Any CPU
		{7CAD52E1-C303-4D55-BBDD-6686277027FF}.Debug|Any CPU.Build.0 = Debug|Any CPU
		{7CAD52E1-C303-4D55-BBDD-6686277027FF}.Release|Any CPU.ActiveCfg = Release|Any CPU
		{7CAD52E1-C303-4D55-BBDD-6686277027FF}.Release|Any CPU.Build.0 = Release|Any CPU
		{0BC51047-4F7A-4148-B75D-B6CB8D87B82E}.Debug|Any CPU.ActiveCfg = Debug|Any CPU
		{0BC51047-4F7A-4148-B75D-B6CB8D87B82E}.Debug|Any CPU.Build.0 = Debug|Any CPU
		{0BC51047-4F7A-4148-B75D-B6CB8D87B82E}.Release|Any CPU.ActiveCfg = Release|Any CPU
		{0BC51047-4F7A-4148-B75D-B6CB8D87B82E}.Release|Any CPU.Build.0 = Release|Any CPU
		{681DFAC3-6275-4FDC-B1B2-AA9CF2B95407}.Debug|Any CPU.ActiveCfg = Debug|Any CPU
		{681DFAC3-6275-4FDC-B1B2-AA9CF2B95407}.Debug|Any CPU.Build.0 = Debug|Any CPU
		{681DFAC3-6275-4FDC-B1B2-AA9CF2B95407}.Release|Any CPU.ActiveCfg = Release|Any CPU
		{681DFAC3-6275-4FDC-B1B2-AA9CF2B95407}.Release|Any CPU.Build.0 = Release|Any CPU
		{021F2B91-EA17-48DE-8602-81092E70C938}.Debug|Any CPU.ActiveCfg = Debug|Any CPU
		{021F2B91-EA17-48DE-8602-81092E70C938}.Debug|Any CPU.Build.0 = Debug|Any CPU
		{021F2B91-EA17-48DE-8602-81092E70C938}.Release|Any CPU.ActiveCfg = Release|Any CPU
		{021F2B91-EA17-48DE-8602-81092E70C938}.Release|Any CPU.Build.0 = Release|Any CPU
	EndGlobalSection
	GlobalSection(SolutionProperties) = preSolution
		HideSolutionNode = FALSE
	EndGlobalSection
	GlobalSection(ExtensibilityGlobals) = postSolution
		SolutionGuid = {4A9C71BD-9A3F-4479-9332-1216476E2AD1}
	EndGlobalSection
EndGlobal
